
Microsoft Visual Studio Solution File, Format Version 12.00
# Visual Studio Version 16
VisualStudioVersion = 16.0.30907.101
MinimumVisualStudioVersion = 10.0.40219.1
Project("{9A19103F-16F7-4668-BE54-9A1E7A4F7556}") = "FRONT_Proyecto_Team1_AJV", "FRONT_Proyecto_Team1_AJV\FRONT_Proyecto_Team1_AJV.csproj", "{3179E74B-12A9-4EC0-891D-14BE30E0069A}"
EndProject
Global
	GlobalSection(SolutionConfigurationPlatforms) = preSolution
		Debug|Any CPU = Debug|Any CPU
		Release|Any CPU = Release|Any CPU
	EndGlobalSection
	GlobalSection(ProjectConfigurationPlatforms) = postSolution
		{3179E74B-12A9-4EC0-891D-14BE30E0069A}.Debug|Any CPU.ActiveCfg = Debug|Any CPU
		{3179E74B-12A9-4EC0-891D-14BE30E0069A}.Debug|Any CPU.Build.0 = Debug|Any CPU
		{3179E74B-12A9-4EC0-891D-14BE30E0069A}.Release|Any CPU.ActiveCfg = Release|Any CPU
		{3179E74B-12A9-4EC0-891D-14BE30E0069A}.Release|Any CPU.Build.0 = Release|Any CPU
	EndGlobalSection
	GlobalSection(SolutionProperties) = preSolution
		HideSolutionNode = FALSE
	EndGlobalSection
	GlobalSection(ExtensibilityGlobals) = postSolution
		SolutionGuid = {08D71851-4896-42D8-A016-385C7B2AAEF8}
	EndGlobalSection
EndGlobal
