
Microsoft Visual Studio Solution File, Format Version 12.00
# Visual Studio Version 16
VisualStudioVersion = 16.0.30907.101
MinimumVisualStudioVersion = 10.0.40219.1
Project("{FAE04EC0-301F-11D3-BF4B-00C04F79EFBC}") = "API_Proyecto_Team1_AJV", "API_Proyecto_Team1_AJV\API_Proyecto_Team1_AJV.csproj", "{3960943E-3534-4632-862A-0CCC2BCAC1D6}"
EndProject
Global
	GlobalSection(SolutionConfigurationPlatforms) = preSolution
		Debug|Any CPU = Debug|Any CPU
		Release|Any CPU = Release|Any CPU
	EndGlobalSection
	GlobalSection(ProjectConfigurationPlatforms) = postSolution
		{3960943E-3534-4632-862A-0CCC2BCAC1D6}.Debug|Any CPU.ActiveCfg = Debug|Any CPU
		{3960943E-3534-4632-862A-0CCC2BCAC1D6}.Debug|Any CPU.Build.0 = Debug|Any CPU
		{3960943E-3534-4632-862A-0CCC2BCAC1D6}.Release|Any CPU.ActiveCfg = Release|Any CPU
		{3960943E-3534-4632-862A-0CCC2BCAC1D6}.Release|Any CPU.Build.0 = Release|Any CPU
	EndGlobalSection
	GlobalSection(SolutionProperties) = preSolution
		HideSolutionNode = FALSE
	EndGlobalSection
	GlobalSection(ExtensibilityGlobals) = postSolution
		SolutionGuid = {8F2200CE-31DE-470C-977E-77CCE507DFC2}
	EndGlobalSection
EndGlobal
